{
    "_readme": [
        "This file locks the dependencies of your project to a known state",
        "Read more about it at https://getcomposer.org/doc/01-basic-usage.md#installing-dependencies",
        "This file is @generated automatically"
    ],
    "content-hash": "9d4ed0699330362dc770b77b355778f1",
    "packages": [
        {
            "name": "alexstandiford/underpin",
            "version": "1.0.0",
            "source": {
                "type": "git",
                "url": "https://github.com/alexstandiford/underpin.git",
                "reference": "1f3d56e4d117dee3ca4cc1e0b83b131f1cb38ad1"
            },
            "dist": {
                "type": "zip",
                "url": "https://api.github.com/repos/alexstandiford/underpin/zipball/1f3d56e4d117dee3ca4cc1e0b83b131f1cb38ad1",
                "reference": "1f3d56e4d117dee3ca4cc1e0b83b131f1cb38ad1",
                "shasum": ""
            },
            "type": "library",
            "autoload": {
                "files": [
                    "Underpin.php"
                ]
            },
            "notification-url": "https://packagist.org/downloads/",
            "license": [
                "MIT"
            ],
            "authors": [
                {
                    "name": "Alex Standiford",
                    "email": "a@alexstandiford.com"
                }
            ],
            "description": "Underpin WordPress framework",
            "time": "2020-09-29T23:48:07+00:00"
        }
    ],
    "packages-dev": [],
    "aliases": [],
    "minimum-stability": "stable",
    "stability-flags": [],
    "prefer-stable": false,
    "prefer-lowest": false,
    "platform": [],
    "platform-dev": []
}
